
Microsoft Visual Studio Solution File, Format Version 12.00
# Visual Studio Version 16
VisualStudioVersion = 16.0.31702.278
MinimumVisualStudioVersion = 10.0.40219.1
Project("{FAE04EC0-301F-11D3-BF4B-00C04F79EFBC}") = "Proje1", "Proje1\Proje1.csproj", "{78536D1B-99A6-4A4D-8BB7-073907016C28}"
EndProject
Global
	GlobalSection(SolutionConfigurationPlatforms) = preSolution
		Debug|Any CPU = Debug|Any CPU
		Release|Any CPU = Release|Any CPU
	EndGlobalSection
	GlobalSection(ProjectConfigurationPlatforms) = postSolution
		{78536D1B-99A6-4A4D-8BB7-073907016C28}.Debug|Any CPU.ActiveCfg = Debug|Any CPU
		{78536D1B-99A6-4A4D-8BB7-073907016C28}.Debug|Any CPU.Build.0 = Debug|Any CPU
		{78536D1B-99A6-4A4D-8BB7-073907016C28}.Release|Any CPU.ActiveCfg = Release|Any CPU
		{78536D1B-99A6-4A4D-8BB7-073907016C28}.Release|Any CPU.Build.0 = Release|Any CPU
	EndGlobalSection
	GlobalSection(SolutionProperties) = preSolution
		HideSolutionNode = FALSE
	EndGlobalSection
	GlobalSection(ExtensibilityGlobals) = postSolution
		SolutionGuid = {83B29F51-BC39-4FE4-BE2D-274028B0BDF7}
	EndGlobalSection
EndGlobal
